{
  "object": {
    "pins": [
      {
        "package": "aws-signer-v4",
        "repositoryURL": "https://github.com/adam-fowler/aws-signer-v4",
        "state": {
          "branch": null,
          "revision": "2e205327f842f808340e7e40eee3f9dec7e1f649",
          "version": "2.1.1"
        }
      },
      {
        "package": "BigInt",
        "repositoryURL": "https://github.com/attaswift/BigInt.git",
        "state": {
          "branch": null,
          "revision": "0ed110f7555c34ff468e72e1686e59721f2b0da6",
          "version": "5.3.0"
        }
      },
      {
        "package": "CryptoSwift",
        "repositoryURL": "https://github.com/krzyzanowskim/CryptoSwift.git",
        "state": {
          "branch": null,
          "revision": "12f2389aca4a07e0dd54c86ec23d0721ed88b8db",
          "version": "1.4.3"
        }
      },
      {
        "package": "PromiseKit",
        "repositoryURL": "https://github.com/mxcl/PromiseKit.git",
        "state": {
          "branch": null,
          "revision": "7b07b214dacecb22ca4b680531c7e981d52483f9",
          "version": "6.16.3"
        }
      },
      {
        "package": "Starscream",
        "repositoryURL": "https://github.com/daltoniam/Starscream.git",
        "state": {
          "branch": null,
          "revision": "df8d82047f6654d8e4b655d1b1525c64e1059d21",
          "version": "4.0.4"
        }
      },
      {
        "package": "swift-nio",
        "repositoryURL": "https://github.com/apple/swift-nio",
        "state": {
          "branch": null,
          "revision": "124119f0bb12384cef35aa041d7c3a686108722d",
          "version": "2.40.0"
        }
      },
      {
        "package": "WalletConnectSwift",
        "repositoryURL": "https://github.com/penachett/WalletConnectSwift",
        "state": {
          "branch": "master",
          "revision": "f4541c1aafd35edffc6ba402e17de2c15219e918",
          "version": null
        }
      }
    ]
  },
  "version": 1
}
