{
  "object": {
    "pins": [
      {
        "package": "aws-signer-v4",
        "repositoryURL": "https://github.com/adam-fowler/aws-signer-v4",
        "state": {
          "branch": null,
          "revision": "2e205327f842f808340e7e40eee3f9dec7e1f649",
          "version": "2.1.1"
        }
      },
      {
        "package": "BigInt",
        "repositoryURL": "https://github.com/attaswift/BigInt.git",
        "state": {
          "branch": null,
          "revision": "0ed110f7555c34ff468e72e1686e59721f2b0da6",
          "version": "5.3.0"
        }
      },
      {
        "package": "CryptoSwift",
        "repositoryURL": "https://github.com/krzyzanowskim/CryptoSwift.git",
        "state": {
          "branch": null,
          "revision": "12f2389aca4a07e0dd54c86ec23d0721ed88b8db",
          "version": "1.4.3"
        }
      },
      {
        "package": "PromiseKit",
        "repositoryURL": "https://github.com/mxcl/PromiseKit.git",
        "state": {
          "branch": null,
          "revision": "c946b7561fbe11379a874e59faa2c5f8077ae0e1",
          "version": "6.17.1"
        }
      },
      {
        "package": "Starscream",
        "repositoryURL": "https://github.com/daltoniam/Starscream.git",
        "state": {
          "branch": null,
          "revision": "df8d82047f6654d8e4b655d1b1525c64e1059d21",
          "version": "4.0.4"
        }
      },
      {
        "package": "swift-nio",
        "repositoryURL": "https://github.com/apple/swift-nio",
        "state": {
          "branch": null,
          "revision": "124119f0bb12384cef35aa041d7c3a686108722d",
          "version": "2.40.0"
        }
      },
      {
        "package": "Web3swift",
        "repositoryURL": "https://github.com/skywinder/web3swift",
        "state": {
          "branch": null,
          "revision": "e7c98db72d27833fcf910ec37d2aa827c3b556e8",
          "version": "2.6.3"
        }
      }
    ]
  },
  "version": 1
}
