// !$*UTF8*$!
{
	archiveVersion = 1;
	classes = {
	};
	objectVersion = 55;
	objects = {

/* Begin PBXBuildFile section */
		11D2572528444C790028E2B4 /* CryptoInstaApp.swift in Sources */ = {isa = PBXBuildFile; fileRef = 11D2572428444C790028E2B4 /* CryptoInstaApp.swift */; };
		11D2572728444C790028E2B4 /* ContentView.swift in Sources */ = {isa = PBXBuildFile; fileRef = 11D2572628444C790028E2B4 /* ContentView.swift */; };
		11D2572928444C7B0028E2B4 /* Assets.xcassets in Resources */ = {isa = PBXBuildFile; fileRef = 11D2572828444C7B0028E2B4 /* Assets.xcassets */; };
		11D2572C28444C7B0028E2B4 /* Preview Assets.xcassets in Resources */ = {isa = PBXBuildFile; fileRef = 11D2572B28444C7B0028E2B4 /* Preview Assets.xcassets */; };
		11DEE92F2847F75300B7E2E5 /* WalletConnectWorker.swift in Sources */ = {isa = PBXBuildFile; fileRef = 11DEE92E2847F75300B7E2E5 /* WalletConnectWorker.swift */; };
		11DEE9312847F82000B7E2E5 /* WalletConnect.swift in Sources */ = {isa = PBXBuildFile; fileRef = 11DEE9302847F82000B7E2E5 /* WalletConnect.swift */; };
		11DEE933284803B900B7E2E5 /* Errors.swift in Sources */ = {isa = PBXBuildFile; fileRef = 11DEE932284803B900B7E2E5 /* Errors.swift */; };
		11DEE9352848063D00B7E2E5 /* BackgroundTasksManager.swift in Sources */ = {isa = PBXBuildFile; fileRef = 11DEE9342848063D00B7E2E5 /* BackgroundTasksManager.swift */; };
		11ED5A7D2846BB7900F0D61D /* GlobalViewModel.swift in Sources */ = {isa = PBXBuildFile; fileRef = 11ED5A7C2846BB7900F0D61D /* GlobalViewModel.swift */; };
		11ED5A802846BCC600F0D61D /* Constants.swift in Sources */ = {isa = PBXBuildFile; fileRef = 11ED5A7F2846BCC600F0D61D /* Constants.swift */; };
		11ED5A822846BD4000F0D61D /* Extensions.swift in Sources */ = {isa = PBXBuildFile; fileRef = 11ED5A812846BD4000F0D61D /* Extensions.swift */; };
		11ED5A892846C1E600F0D61D /* web3swift in Frameworks */ = {isa = PBXBuildFile; productRef = 11ED5A882846C1E600F0D61D /* web3swift */; };
		11ED5A912846C5FD00F0D61D /* Config.swift in Sources */ = {isa = PBXBuildFile; fileRef = 11ED5A902846C5FD00F0D61D /* Config.swift */; };
		11ED5A932846C7AE00F0D61D /* Colors.swift in Sources */ = {isa = PBXBuildFile; fileRef = 11ED5A922846C7AE00F0D61D /* Colors.swift */; };
		11ED5A952846C7E800F0D61D /* UserDefaultsWorker.swift in Sources */ = {isa = PBXBuildFile; fileRef = 11ED5A942846C7E800F0D61D /* UserDefaultsWorker.swift */; };
		11ED5A972847015300F0D61D /* Wallets.swift in Sources */ = {isa = PBXBuildFile; fileRef = 11ED5A962847015300F0D61D /* Wallets.swift */; };
		11ED5A9A2847052300F0D61D /* IdentifiableAlert.swift in Sources */ = {isa = PBXBuildFile; fileRef = 11ED5A992847052300F0D61D /* IdentifiableAlert.swift */; };
		11ED5A9C2847055200F0D61D /* PhotoPicker.swift in Sources */ = {isa = PBXBuildFile; fileRef = 11ED5A9B2847055200F0D61D /* PhotoPicker.swift */; };
		11ED5A9E2847059B00F0D61D /* Placeholder.swift in Sources */ = {isa = PBXBuildFile; fileRef = 11ED5A9D2847059B00F0D61D /* Placeholder.swift */; };
		11ED5AA0284705F800F0D61D /* MainContainer.swift in Sources */ = {isa = PBXBuildFile; fileRef = 11ED5A9F284705F800F0D61D /* MainContainer.swift */; };
		11ED5AA22847077A00F0D61D /* BottomMenu.swift in Sources */ = {isa = PBXBuildFile; fileRef = 11ED5AA12847077A00F0D61D /* BottomMenu.swift */; };
		11ED5AA828470D3600F0D61D /* WalletConnectSwift in Frameworks */ = {isa = PBXBuildFile; productRef = 11ED5AA728470D3600F0D61D /* WalletConnectSwift */; };
		11ED5AAA284710B400F0D61D /* AuthContainer.swift in Sources */ = {isa = PBXBuildFile; fileRef = 11ED5AA9284710B400F0D61D /* AuthContainer.swift */; };
		11ED5AAC284710BE00F0D61D /* MintContainer.swift in Sources */ = {isa = PBXBuildFile; fileRef = 11ED5AAB284710BE00F0D61D /* MintContainer.swift */; };
		11ED5AAE284710C800F0D61D /* GalleryContainer.swift in Sources */ = {isa = PBXBuildFile; fileRef = 11ED5AAD284710C800F0D61D /* GalleryContainer.swift */; };
/* End PBXBuildFile section */

/* Begin PBXFileReference section */
		11D2572128444C790028E2B4 /* CryptoInsta.app */ = {isa = PBXFileReference; explicitFileType = wrapper.application; includeInIndex = 0; path = CryptoInsta.app; sourceTree = BUILT_PRODUCTS_DIR; };
		11D2572428444C790028E2B4 /* CryptoInstaApp.swift */ = {isa = PBXFileReference; lastKnownFileType = sourcecode.swift; path = CryptoInstaApp.swift; sourceTree = "<group>"; };
		11D2572628444C790028E2B4 /* ContentView.swift */ = {isa = PBXFileReference; lastKnownFileType = sourcecode.swift; path = ContentView.swift; sourceTree = "<group>"; };
		11D2572828444C7B0028E2B4 /* Assets.xcassets */ = {isa = PBXFileReference; lastKnownFileType = folder.assetcatalog; path = Assets.xcassets; sourceTree = "<group>"; };
		11D2572B28444C7B0028E2B4 /* Preview Assets.xcassets */ = {isa = PBXFileReference; lastKnownFileType = folder.assetcatalog; path = "Preview Assets.xcassets"; sourceTree = "<group>"; };
		11DEE92E2847F75300B7E2E5 /* WalletConnectWorker.swift */ = {isa = PBXFileReference; lastKnownFileType = sourcecode.swift; path = WalletConnectWorker.swift; sourceTree = "<group>"; };
		11DEE9302847F82000B7E2E5 /* WalletConnect.swift */ = {isa = PBXFileReference; lastKnownFileType = sourcecode.swift; path = WalletConnect.swift; sourceTree = "<group>"; };
		11DEE932284803B900B7E2E5 /* Errors.swift */ = {isa = PBXFileReference; lastKnownFileType = sourcecode.swift; path = Errors.swift; sourceTree = "<group>"; };
		11DEE9342848063D00B7E2E5 /* BackgroundTasksManager.swift */ = {isa = PBXFileReference; lastKnownFileType = sourcecode.swift; path = BackgroundTasksManager.swift; sourceTree = "<group>"; };
		11ED5A7C2846BB7900F0D61D /* GlobalViewModel.swift */ = {isa = PBXFileReference; lastKnownFileType = sourcecode.swift; path = GlobalViewModel.swift; sourceTree = "<group>"; };
		11ED5A7F2846BCC600F0D61D /* Constants.swift */ = {isa = PBXFileReference; lastKnownFileType = sourcecode.swift; path = Constants.swift; sourceTree = "<group>"; };
		11ED5A812846BD4000F0D61D /* Extensions.swift */ = {isa = PBXFileReference; lastKnownFileType = sourcecode.swift; path = Extensions.swift; sourceTree = "<group>"; };
		11ED5A902846C5FD00F0D61D /* Config.swift */ = {isa = PBXFileReference; lastKnownFileType = sourcecode.swift; path = Config.swift; sourceTree = "<group>"; };
		11ED5A922846C7AE00F0D61D /* Colors.swift */ = {isa = PBXFileReference; lastKnownFileType = sourcecode.swift; path = Colors.swift; sourceTree = "<group>"; };
		11ED5A942846C7E800F0D61D /* UserDefaultsWorker.swift */ = {isa = PBXFileReference; lastKnownFileType = sourcecode.swift; path = UserDefaultsWorker.swift; sourceTree = "<group>"; };
		11ED5A962847015300F0D61D /* Wallets.swift */ = {isa = PBXFileReference; lastKnownFileType = sourcecode.swift; path = Wallets.swift; sourceTree = "<group>"; };
		11ED5A98284703C100F0D61D /* Info.plist */ = {isa = PBXFileReference; lastKnownFileType = text.plist; path = Info.plist; sourceTree = "<group>"; };
		11ED5A992847052300F0D61D /* IdentifiableAlert.swift */ = {isa = PBXFileReference; lastKnownFileType = sourcecode.swift; path = IdentifiableAlert.swift; sourceTree = "<group>"; };
		11ED5A9B2847055200F0D61D /* PhotoPicker.swift */ = {isa = PBXFileReference; lastKnownFileType = sourcecode.swift; path = PhotoPicker.swift; sourceTree = "<group>"; };
		11ED5A9D2847059B00F0D61D /* Placeholder.swift */ = {isa = PBXFileReference; lastKnownFileType = sourcecode.swift; path = Placeholder.swift; sourceTree = "<group>"; };
		11ED5A9F284705F800F0D61D /* MainContainer.swift */ = {isa = PBXFileReference; lastKnownFileType = sourcecode.swift; path = MainContainer.swift; sourceTree = "<group>"; };
		11ED5AA12847077A00F0D61D /* BottomMenu.swift */ = {isa = PBXFileReference; lastKnownFileType = sourcecode.swift; path = BottomMenu.swift; sourceTree = "<group>"; };
		11ED5AA528470CEC00F0D61D /* WalletConnectSwift */ = {isa = PBXFileReference; lastKnownFileType = wrapper; name = WalletConnectSwift; path = ../../WalletConnectSwift; sourceTree = "<group>"; };
		11ED5AA9284710B400F0D61D /* AuthContainer.swift */ = {isa = PBXFileReference; lastKnownFileType = sourcecode.swift; path = AuthContainer.swift; sourceTree = "<group>"; };
		11ED5AAB284710BE00F0D61D /* MintContainer.swift */ = {isa = PBXFileReference; lastKnownFileType = sourcecode.swift; path = MintContainer.swift; sourceTree = "<group>"; };
		11ED5AAD284710C800F0D61D /* GalleryContainer.swift */ = {isa = PBXFileReference; lastKnownFileType = sourcecode.swift; path = GalleryContainer.swift; sourceTree = "<group>"; };
/* End PBXFileReference section */

/* Begin PBXFrameworksBuildPhase section */
		11D2571E28444C790028E2B4 /* Frameworks */ = {
			isa = PBXFrameworksBuildPhase;
			buildActionMask = 2147483647;
			files = (
				11ED5AA828470D3600F0D61D /* WalletConnectSwift in Frameworks */,
				11ED5A892846C1E600F0D61D /* web3swift in Frameworks */,
			);
			runOnlyForDeploymentPostprocessing = 0;
		};
/* End PBXFrameworksBuildPhase section */

/* Begin PBXGroup section */
		11D2571828444C790028E2B4 = {
			isa = PBXGroup;
			children = (
				11ED5A852846BFFA00F0D61D /* Packages */,
				11D2572328444C790028E2B4 /* CryptoInsta */,
				11D2572228444C790028E2B4 /* Products */,
				11ED5AA628470D3600F0D61D /* Frameworks */,
			);
			sourceTree = "<group>";
		};
		11D2572228444C790028E2B4 /* Products */ = {
			isa = PBXGroup;
			children = (
				11D2572128444C790028E2B4 /* CryptoInsta.app */,
			);
			name = Products;
			sourceTree = "<group>";
		};
		11D2572328444C790028E2B4 /* CryptoInsta */ = {
			isa = PBXGroup;
			children = (
				11ED5A98284703C100F0D61D /* Info.plist */,
				11ED5A7E2846BC0E00F0D61D /* Util */,
				11ED5A7B2846BB6E00F0D61D /* ViewModel */,
				11ED5A7A2846BB6700F0D61D /* Model */,
				11ED5A792846BAA500F0D61D /* View */,
				11D2572628444C790028E2B4 /* ContentView.swift */,
				11D2572428444C790028E2B4 /* CryptoInstaApp.swift */,
				11D2572828444C7B0028E2B4 /* Assets.xcassets */,
				11D2572A28444C7B0028E2B4 /* Preview Content */,
			);
			path = CryptoInsta;
			sourceTree = "<group>";
		};
		11D2572A28444C7B0028E2B4 /* Preview Content */ = {
			isa = PBXGroup;
			children = (
				11D2572B28444C7B0028E2B4 /* Preview Assets.xcassets */,
			);
			path = "Preview Content";
			sourceTree = "<group>";
		};
		11ED5A792846BAA500F0D61D /* View */ = {
			isa = PBXGroup;
			children = (
				11ED5A8D2846C45000F0D61D /* Components */,
				11ED5A8A2846C40400F0D61D /* Auth */,
				11ED5A8B2846C41500F0D61D /* Mint */,
				11ED5A8C2846C42700F0D61D /* Gallery */,
				11ED5A9F284705F800F0D61D /* MainContainer.swift */,
				11ED5AA12847077A00F0D61D /* BottomMenu.swift */,
			);
			path = View;
			sourceTree = "<group>";
		};
		11ED5A7A2846BB6700F0D61D /* Model */ = {
			isa = PBXGroup;
			children = (
				11ED5A962847015300F0D61D /* Wallets.swift */,
			);
			path = Model;
			sourceTree = "<group>";
		};
		11ED5A7B2846BB6E00F0D61D /* ViewModel */ = {
			isa = PBXGroup;
			children = (
				11ED5A7C2846BB7900F0D61D /* GlobalViewModel.swift */,
				11DEE92E2847F75300B7E2E5 /* WalletConnectWorker.swift */,
				11DEE9302847F82000B7E2E5 /* WalletConnect.swift */,
			);
			path = ViewModel;
			sourceTree = "<group>";
		};
		11ED5A7E2846BC0E00F0D61D /* Util */ = {
			isa = PBXGroup;
			children = (
				11ED5A7F2846BCC600F0D61D /* Constants.swift */,
				11ED5A812846BD4000F0D61D /* Extensions.swift */,
				11DEE932284803B900B7E2E5 /* Errors.swift */,
				11ED5A902846C5FD00F0D61D /* Config.swift */,
				11ED5A922846C7AE00F0D61D /* Colors.swift */,
				11ED5A942846C7E800F0D61D /* UserDefaultsWorker.swift */,
				11DEE9342848063D00B7E2E5 /* BackgroundTasksManager.swift */,
			);
			path = Util;
			sourceTree = "<group>";
		};
		11ED5A852846BFFA00F0D61D /* Packages */ = {
			isa = PBXGroup;
			children = (
				11ED5AA528470CEC00F0D61D /* WalletConnectSwift */,
			);
			name = Packages;
			sourceTree = "<group>";
		};
		11ED5A8A2846C40400F0D61D /* Auth */ = {
			isa = PBXGroup;
			children = (
				11ED5AA9284710B400F0D61D /* AuthContainer.swift */,
			);
			path = Auth;
			sourceTree = "<group>";
		};
		11ED5A8B2846C41500F0D61D /* Mint */ = {
			isa = PBXGroup;
			children = (
				11ED5AAB284710BE00F0D61D /* MintContainer.swift */,
			);
			path = Mint;
			sourceTree = "<group>";
		};
		11ED5A8C2846C42700F0D61D /* Gallery */ = {
			isa = PBXGroup;
			children = (
				11ED5AAD284710C800F0D61D /* GalleryContainer.swift */,
			);
			path = Gallery;
			sourceTree = "<group>";
		};
		11ED5A8D2846C45000F0D61D /* Components */ = {
			isa = PBXGroup;
			children = (
				11ED5A992847052300F0D61D /* IdentifiableAlert.swift */,
				11ED5A9B2847055200F0D61D /* PhotoPicker.swift */,
				11ED5A9D2847059B00F0D61D /* Placeholder.swift */,
			);
			path = Components;
			sourceTree = "<group>";
		};
		11ED5AA628470D3600F0D61D /* Frameworks */ = {
			isa = PBXGroup;
			children = (
			);
			name = Frameworks;
			sourceTree = "<group>";
		};
/* End PBXGroup section */

/* Begin PBXNativeTarget section */
		11D2572028444C790028E2B4 /* CryptoInsta */ = {
			isa = PBXNativeTarget;
			buildConfigurationList = 11D2572F28444C7B0028E2B4 /* Build configuration list for PBXNativeTarget "CryptoInsta" */;
			buildPhases = (
				11D2571D28444C790028E2B4 /* Sources */,
				11D2571E28444C790028E2B4 /* Frameworks */,
				11D2571F28444C790028E2B4 /* Resources */,
			);
			buildRules = (
			);
			dependencies = (
			);
			name = CryptoInsta;
			packageProductDependencies = (
				11ED5A882846C1E600F0D61D /* web3swift */,
				11ED5AA728470D3600F0D61D /* WalletConnectSwift */,
			);
			productName = CryptoInsta;
			productReference = 11D2572128444C790028E2B4 /* CryptoInsta.app */;
			productType = "com.apple.product-type.application";
		};
/* End PBXNativeTarget section */

/* Begin PBXProject section */
		11D2571928444C790028E2B4 /* Project object */ = {
			isa = PBXProject;
			attributes = {
				BuildIndependentTargetsInParallel = 1;
				LastSwiftUpdateCheck = 1330;
				LastUpgradeCheck = 1330;
				TargetAttributes = {
					11D2572028444C790028E2B4 = {
						CreatedOnToolsVersion = 13.3;
					};
				};
			};
			buildConfigurationList = 11D2571C28444C790028E2B4 /* Build configuration list for PBXProject "CryptoInsta" */;
			compatibilityVersion = "Xcode 13.0";
			developmentRegion = en;
			hasScannedForEncodings = 0;
			knownRegions = (
				en,
				Base,
			);
			mainGroup = 11D2571828444C790028E2B4;
			packageReferences = (
				11ED5A872846C1E600F0D61D /* XCRemoteSwiftPackageReference "web3swift" */,
			);
			productRefGroup = 11D2572228444C790028E2B4 /* Products */;
			projectDirPath = "";
			projectRoot = "";
			targets = (
				11D2572028444C790028E2B4 /* CryptoInsta */,
			);
		};
/* End PBXProject section */

/* Begin PBXResourcesBuildPhase section */
		11D2571F28444C790028E2B4 /* Resources */ = {
			isa = PBXResourcesBuildPhase;
			buildActionMask = 2147483647;
			files = (
				11D2572C28444C7B0028E2B4 /* Preview Assets.xcassets in Resources */,
				11D2572928444C7B0028E2B4 /* Assets.xcassets in Resources */,
			);
			runOnlyForDeploymentPostprocessing = 0;
		};
/* End PBXResourcesBuildPhase section */

/* Begin PBXSourcesBuildPhase section */
		11D2571D28444C790028E2B4 /* Sources */ = {
			isa = PBXSourcesBuildPhase;
			buildActionMask = 2147483647;
			files = (
				11ED5A822846BD4000F0D61D /* Extensions.swift in Sources */,
				11ED5A952846C7E800F0D61D /* UserDefaultsWorker.swift in Sources */,
				11ED5AAA284710B400F0D61D /* AuthContainer.swift in Sources */,
				11ED5AAE284710C800F0D61D /* GalleryContainer.swift in Sources */,
				11ED5AA0284705F800F0D61D /* MainContainer.swift in Sources */,
				11ED5A932846C7AE00F0D61D /* Colors.swift in Sources */,
				11D2572728444C790028E2B4 /* ContentView.swift in Sources */,
				11ED5A9A2847052300F0D61D /* IdentifiableAlert.swift in Sources */,
				11ED5A7D2846BB7900F0D61D /* GlobalViewModel.swift in Sources */,
				11ED5A912846C5FD00F0D61D /* Config.swift in Sources */,
				11ED5AAC284710BE00F0D61D /* MintContainer.swift in Sources */,
				11ED5A9C2847055200F0D61D /* PhotoPicker.swift in Sources */,
				11D2572528444C790028E2B4 /* CryptoInstaApp.swift in Sources */,
				11DEE92F2847F75300B7E2E5 /* WalletConnectWorker.swift in Sources */,
				11DEE9312847F82000B7E2E5 /* WalletConnect.swift in Sources */,
				11ED5A972847015300F0D61D /* Wallets.swift in Sources */,
				11DEE933284803B900B7E2E5 /* Errors.swift in Sources */,
				11ED5AA22847077A00F0D61D /* BottomMenu.swift in Sources */,
				11ED5A802846BCC600F0D61D /* Constants.swift in Sources */,
				11DEE9352848063D00B7E2E5 /* BackgroundTasksManager.swift in Sources */,
				11ED5A9E2847059B00F0D61D /* Placeholder.swift in Sources */,
			);
			runOnlyForDeploymentPostprocessing = 0;
		};
/* End PBXSourcesBuildPhase section */

/* Begin XCBuildConfiguration section */
		11D2572D28444C7B0028E2B4 /* Debug */ = {
			isa = XCBuildConfiguration;
			buildSettings = {
				ALWAYS_SEARCH_USER_PATHS = NO;
				CLANG_ANALYZER_NONNULL = YES;
				CLANG_ANALYZER_NUMBER_OBJECT_CONVERSION = YES_AGGRESSIVE;
				CLANG_CXX_LANGUAGE_STANDARD = "gnu++17";
				CLANG_ENABLE_MODULES = YES;
				CLANG_ENABLE_OBJC_ARC = YES;
				CLANG_ENABLE_OBJC_WEAK = YES;
				CLANG_WARN_BLOCK_CAPTURE_AUTORELEASING = YES;
				CLANG_WARN_BOOL_CONVERSION = YES;
				CLANG_WARN_COMMA = YES;
				CLANG_WARN_CONSTANT_CONVERSION = YES;
				CLANG_WARN_DEPRECATED_OBJC_IMPLEMENTATIONS = YES;
				CLANG_WARN_DIRECT_OBJC_ISA_USAGE = YES_ERROR;
				CLANG_WARN_DOCUMENTATION_COMMENTS = YES;
				CLANG_WARN_EMPTY_BODY = YES;
				CLANG_WARN_ENUM_CONVERSION = YES;
				CLANG_WARN_INFINITE_RECURSION = YES;
				CLANG_WARN_INT_CONVERSION = YES;
				CLANG_WARN_NON_LITERAL_NULL_CONVERSION = YES;
				CLANG_WARN_OBJC_IMPLICIT_RETAIN_SELF = YES;
				CLANG_WARN_OBJC_LITERAL_CONVERSION = YES;
				CLANG_WARN_OBJC_ROOT_CLASS = YES_ERROR;
				CLANG_WARN_QUOTED_INCLUDE_IN_FRAMEWORK_HEADER = YES;
				CLANG_WARN_RANGE_LOOP_ANALYSIS = YES;
				CLANG_WARN_STRICT_PROTOTYPES = YES;
				CLANG_WARN_SUSPICIOUS_MOVE = YES;
				CLANG_WARN_UNGUARDED_AVAILABILITY = YES_AGGRESSIVE;
				CLANG_WARN_UNREACHABLE_CODE = YES;
				CLANG_WARN__DUPLICATE_METHOD_MATCH = YES;
				COPY_PHASE_STRIP = NO;
				DEBUG_INFORMATION_FORMAT = dwarf;
				ENABLE_STRICT_OBJC_MSGSEND = YES;
				ENABLE_TESTABILITY = YES;
				GCC_C_LANGUAGE_STANDARD = gnu11;
				GCC_DYNAMIC_NO_PIC = NO;
				GCC_NO_COMMON_BLOCKS = YES;
				GCC_OPTIMIZATION_LEVEL = 0;
				GCC_PREPROCESSOR_DEFINITIONS = (
					"DEBUG=1",
					"$(inherited)",
				);
				GCC_WARN_64_TO_32_BIT_CONVERSION = YES;
				GCC_WARN_ABOUT_RETURN_TYPE = YES_ERROR;
				GCC_WARN_UNDECLARED_SELECTOR = YES;
				GCC_WARN_UNINITIALIZED_AUTOS = YES_AGGRESSIVE;
				GCC_WARN_UNUSED_FUNCTION = YES;
				GCC_WARN_UNUSED_VARIABLE = YES;
				IPHONEOS_DEPLOYMENT_TARGET = 15.4;
				MTL_ENABLE_DEBUG_INFO = INCLUDE_SOURCE;
				MTL_FAST_MATH = YES;
				ONLY_ACTIVE_ARCH = YES;
				SDKROOT = iphoneos;
				SWIFT_ACTIVE_COMPILATION_CONDITIONS = DEBUG;
				SWIFT_OPTIMIZATION_LEVEL = "-Onone";
			};
			name = Debug;
		};
		11D2572E28444C7B0028E2B4 /* Release */ = {
			isa = XCBuildConfiguration;
			buildSettings = {
				ALWAYS_SEARCH_USER_PATHS = NO;
				CLANG_ANALYZER_NONNULL = YES;
				CLANG_ANALYZER_NUMBER_OBJECT_CONVERSION = YES_AGGRESSIVE;
				CLANG_CXX_LANGUAGE_STANDARD = "gnu++17";
				CLANG_ENABLE_MODULES = YES;
				CLANG_ENABLE_OBJC_ARC = YES;
				CLANG_ENABLE_OBJC_WEAK = YES;
				CLANG_WARN_BLOCK_CAPTURE_AUTORELEASING = YES;
				CLANG_WARN_BOOL_CONVERSION = YES;
				CLANG_WARN_COMMA = YES;
				CLANG_WARN_CONSTANT_CONVERSION = YES;
				CLANG_WARN_DEPRECATED_OBJC_IMPLEMENTATIONS = YES;
				CLANG_WARN_DIRECT_OBJC_ISA_USAGE = YES_ERROR;
				CLANG_WARN_DOCUMENTATION_COMMENTS = YES;
				CLANG_WARN_EMPTY_BODY = YES;
				CLANG_WARN_ENUM_CONVERSION = YES;
				CLANG_WARN_INFINITE_RECURSION = YES;
				CLANG_WARN_INT_CONVERSION = YES;
				CLANG_WARN_NON_LITERAL_NULL_CONVERSION = YES;
				CLANG_WARN_OBJC_IMPLICIT_RETAIN_SELF = YES;
				CLANG_WARN_OBJC_LITERAL_CONVERSION = YES;
				CLANG_WARN_OBJC_ROOT_CLASS = YES_ERROR;
				CLANG_WARN_QUOTED_INCLUDE_IN_FRAMEWORK_HEADER = YES;
				CLANG_WARN_RANGE_LOOP_ANALYSIS = YES;
				CLANG_WARN_STRICT_PROTOTYPES = YES;
				CLANG_WARN_SUSPICIOUS_MOVE = YES;
				CLANG_WARN_UNGUARDED_AVAILABILITY = YES_AGGRESSIVE;
				CLANG_WARN_UNREACHABLE_CODE = YES;
				CLANG_WARN__DUPLICATE_METHOD_MATCH = YES;
				COPY_PHASE_STRIP = NO;
				DEBUG_INFORMATION_FORMAT = "dwarf-with-dsym";
				ENABLE_NS_ASSERTIONS = NO;
				ENABLE_STRICT_OBJC_MSGSEND = YES;
				GCC_C_LANGUAGE_STANDARD = gnu11;
				GCC_NO_COMMON_BLOCKS = YES;
				GCC_WARN_64_TO_32_BIT_CONVERSION = YES;
				GCC_WARN_ABOUT_RETURN_TYPE = YES_ERROR;
				GCC_WARN_UNDECLARED_SELECTOR = YES;
				GCC_WARN_UNINITIALIZED_AUTOS = YES_AGGRESSIVE;
				GCC_WARN_UNUSED_FUNCTION = YES;
				GCC_WARN_UNUSED_VARIABLE = YES;
				IPHONEOS_DEPLOYMENT_TARGET = 15.4;
				MTL_ENABLE_DEBUG_INFO = NO;
				MTL_FAST_MATH = YES;
				SDKROOT = iphoneos;
				SWIFT_COMPILATION_MODE = wholemodule;
				SWIFT_OPTIMIZATION_LEVEL = "-O";
				VALIDATE_PRODUCT = YES;
			};
			name = Release;
		};
		11D2573028444C7B0028E2B4 /* Debug */ = {
			isa = XCBuildConfiguration;
			buildSettings = {
				ASSETCATALOG_COMPILER_APPICON_NAME = AppIcon;
				ASSETCATALOG_COMPILER_GLOBAL_ACCENT_COLOR_NAME = AccentColor;
				CODE_SIGN_STYLE = Automatic;
				CURRENT_PROJECT_VERSION = 1;
				DEVELOPMENT_ASSET_PATHS = "\"CryptoInsta/Preview Content\"";
				DEVELOPMENT_TEAM = 7VF24UW9N8;
				ENABLE_PREVIEWS = YES;
				GENERATE_INFOPLIST_FILE = YES;
				INFOPLIST_FILE = CryptoInsta/Info.plist;
				INFOPLIST_KEY_NSPhotoLibraryUsageDescription = "For creating nft of photo";
				INFOPLIST_KEY_UIApplicationSceneManifest_Generation = YES;
				INFOPLIST_KEY_UIApplicationSupportsIndirectInputEvents = YES;
				INFOPLIST_KEY_UILaunchScreen_Generation = YES;
				INFOPLIST_KEY_UISupportedInterfaceOrientations = UIInterfaceOrientationPortrait;
				INFOPLIST_KEY_UISupportedInterfaceOrientations_iPad = "UIInterfaceOrientationPortrait UIInterfaceOrientationPortraitUpsideDown UIInterfaceOrientationLandscapeLeft UIInterfaceOrientationLandscapeRight";
				INFOPLIST_KEY_UISupportedInterfaceOrientations_iPhone = UIInterfaceOrientationPortrait;
				IPHONEOS_DEPLOYMENT_TARGET = 14.0;
				LD_RUNPATH_SEARCH_PATHS = (
					"$(inherited)",
					"@executable_path/Frameworks",
				);
				MARKETING_VERSION = 1.0;
				PRODUCT_BUNDLE_IDENTIFIER = com.psoik.cryptoinsta2.CryptoInsta;
				PRODUCT_NAME = "$(TARGET_NAME)";
				SWIFT_EMIT_LOC_STRINGS = YES;
				SWIFT_VERSION = 5.0;
				TARGETED_DEVICE_FAMILY = 1;
			};
			name = Debug;
		};
		11D2573128444C7B0028E2B4 /* Release */ = {
			isa = XCBuildConfiguration;
			buildSettings = {
				ASSETCATALOG_COMPILER_APPICON_NAME = AppIcon;
				ASSETCATALOG_COMPILER_GLOBAL_ACCENT_COLOR_NAME = AccentColor;
				CODE_SIGN_STYLE = Automatic;
				CURRENT_PROJECT_VERSION = 1;
				DEVELOPMENT_ASSET_PATHS = "\"CryptoInsta/Preview Content\"";
				DEVELOPMENT_TEAM = 7VF24UW9N8;
				ENABLE_PREVIEWS = YES;
				GENERATE_INFOPLIST_FILE = YES;
				INFOPLIST_FILE = CryptoInsta/Info.plist;
				INFOPLIST_KEY_NSPhotoLibraryUsageDescription = "For creating nft of photo";
				INFOPLIST_KEY_UIApplicationSceneManifest_Generation = YES;
				INFOPLIST_KEY_UIApplicationSupportsIndirectInputEvents = YES;
				INFOPLIST_KEY_UILaunchScreen_Generation = YES;
				INFOPLIST_KEY_UISupportedInterfaceOrientations = UIInterfaceOrientationPortrait;
				INFOPLIST_KEY_UISupportedInterfaceOrientations_iPad = "UIInterfaceOrientationPortrait UIInterfaceOrientationPortraitUpsideDown UIInterfaceOrientationLandscapeLeft UIInterfaceOrientationLandscapeRight";
				INFOPLIST_KEY_UISupportedInterfaceOrientations_iPhone = UIInterfaceOrientationPortrait;
				IPHONEOS_DEPLOYMENT_TARGET = 14.0;
				LD_RUNPATH_SEARCH_PATHS = (
					"$(inherited)",
					"@executable_path/Frameworks",
				);
				MARKETING_VERSION = 1.0;
				PRODUCT_BUNDLE_IDENTIFIER = com.psoik.cryptoinsta2.CryptoInsta;
				PRODUCT_NAME = "$(TARGET_NAME)";
				SWIFT_EMIT_LOC_STRINGS = YES;
				SWIFT_VERSION = 5.0;
				TARGETED_DEVICE_FAMILY = 1;
			};
			name = Release;
		};
/* End XCBuildConfiguration section */

/* Begin XCConfigurationList section */
		11D2571C28444C790028E2B4 /* Build configuration list for PBXProject "CryptoInsta" */ = {
			isa = XCConfigurationList;
			buildConfigurations = (
				11D2572D28444C7B0028E2B4 /* Debug */,
				11D2572E28444C7B0028E2B4 /* Release */,
			);
			defaultConfigurationIsVisible = 0;
			defaultConfigurationName = Release;
		};
		11D2572F28444C7B0028E2B4 /* Build configuration list for PBXNativeTarget "CryptoInsta" */ = {
			isa = XCConfigurationList;
			buildConfigurations = (
				11D2573028444C7B0028E2B4 /* Debug */,
				11D2573128444C7B0028E2B4 /* Release */,
			);
			defaultConfigurationIsVisible = 0;
			defaultConfigurationName = Release;
		};
/* End XCConfigurationList section */

/* Begin XCRemoteSwiftPackageReference section */
		11ED5A872846C1E600F0D61D /* XCRemoteSwiftPackageReference "web3swift" */ = {
			isa = XCRemoteSwiftPackageReference;
			repositoryURL = "https://github.com/skywinder/web3swift";
			requirement = {
				kind = upToNextMajorVersion;
				minimumVersion = 2.0.0;
			};
		};
/* End XCRemoteSwiftPackageReference section */

/* Begin XCSwiftPackageProductDependency section */
		11ED5A882846C1E600F0D61D /* web3swift */ = {
			isa = XCSwiftPackageProductDependency;
			package = 11ED5A872846C1E600F0D61D /* XCRemoteSwiftPackageReference "web3swift" */;
			productName = web3swift;
		};
		11ED5AA728470D3600F0D61D /* WalletConnectSwift */ = {
			isa = XCSwiftPackageProductDependency;
			productName = WalletConnectSwift;
		};
/* End XCSwiftPackageProductDependency section */
	};
	rootObject = 11D2571928444C790028E2B4 /* Project object */;
}
